
Microsoft Visual Studio Solution File, Format Version 12.00
# Visual Studio 15
VisualStudioVersion = 15.0.26403.7
MinimumVisualStudioVersion = 10.0.40219.1
Project("{D954291E-2A0B-460D-934E-DC6B0785DB48}") = "MobileBDG", "MobileBDG\MobileBDG\MobileBDG.shproj", "{C19DD24D-C95B-4750-A051-217C0EA86ECC}"
EndProject
Project("{FAE04EC0-301F-11D3-BF4B-00C04F79EFBC}") = "MobileBDG.Android", "MobileBDG\MobileBDG.Android\MobileBDG.Android.csproj", "{801108D7-0C8E-4930-8EE2-B67AFF47D368}"
EndProject
Project("{FAE04EC0-301F-11D3-BF4B-00C04F79EFBC}") = "MobileBDG.iOS", "MobileBDG\MobileBDG.iOS\MobileBDG.iOS.csproj", "{93DC3D6B-B7D0-4378-9773-0D773C5D72EA}"
EndProject
Project("{FAE04EC0-301F-11D3-BF4B-00C04F79EFBC}") = "MobileBDG.UWP", "MobileBDG\MobileBDG.UWP\MobileBDG.UWP.csproj", "{DFB0DB47-2780-4FB4-9455-164004C17A4D}"
EndProject
Global
	GlobalSection(SharedMSBuildProjectFiles) = preSolution
		MobileBDG\MobileBDG\MobileBDG.projitems*{801108d7-0c8e-4930-8ee2-b67aff47d368}*SharedItemsImports = 4
		MobileBDG\MobileBDG\MobileBDG.projitems*{93dc3d6b-b7d0-4378-9773-0d773c5d72ea}*SharedItemsImports = 4
		MobileBDG\MobileBDG\MobileBDG.projitems*{c19dd24d-c95b-4750-a051-217c0ea86ecc}*SharedItemsImports = 13
		MobileBDG\MobileBDG\MobileBDG.projitems*{dfb0db47-2780-4fb4-9455-164004c17a4d}*SharedItemsImports = 4
	EndGlobalSection
	GlobalSection(SolutionConfigurationPlatforms) = preSolution
		Ad-Hoc|Any CPU = Ad-Hoc|Any CPU
		Ad-Hoc|ARM = Ad-Hoc|ARM
		Ad-Hoc|iPhone = Ad-Hoc|iPhone
		Ad-Hoc|iPhoneSimulator = Ad-Hoc|iPhoneSimulator
		Ad-Hoc|x64 = Ad-Hoc|x64
		Ad-Hoc|x86 = Ad-Hoc|x86
		AppStore|Any CPU = AppStore|Any CPU
		AppStore|ARM = AppStore|ARM
		AppStore|iPhone = AppStore|iPhone
		AppStore|iPhoneSimulator = AppStore|iPhoneSimulator
		AppStore|x64 = AppStore|x64
		AppStore|x86 = AppStore|x86
		Debug|Any CPU = Debug|Any CPU
		Debug|ARM = Debug|ARM
		Debug|iPhone = Debug|iPhone
		Debug|iPhoneSimulator = Debug|iPhoneSimulator
		Debug|x64 = Debug|x64
		Debug|x86 = Debug|x86
		Release|Any CPU = Release|Any CPU
		Release|ARM = Release|ARM
		Release|iPhone = Release|iPhone
		Release|iPhoneSimulator = Release|iPhoneSimulator
		Release|x64 = Release|x64
		Release|x86 = Release|x86
	EndGlobalSection
	GlobalSection(ProjectConfigurationPlatforms) = postSolution
		{801108D7-0C8E-4930-8EE2-B67AFF47D368}.Ad-Hoc|Any CPU.ActiveCfg = Release|Any CPU
		{801108D7-0C8E-4930-8EE2-B67AFF47D368}.Ad-Hoc|Any CPU.Build.0 = Release|Any CPU
		{801108D7-0C8E-4930-8EE2-B67AFF47D368}.Ad-Hoc|Any CPU.Deploy.0 = Release|Any CPU
		{801108D7-0C8E-4930-8EE2-B67AFF47D368}.Ad-Hoc|ARM.ActiveCfg = Release|Any CPU
		{801108D7-0C8E-4930-8EE2-B67AFF47D368}.Ad-Hoc|ARM.Build.0 = Release|Any CPU
		{801108D7-0C8E-4930-8EE2-B67AFF47D368}.Ad-Hoc|ARM.Deploy.0 = Release|Any CPU
		{801108D7-0C8E-4930-8EE2-B67AFF47D368}.Ad-Hoc|iPhone.ActiveCfg = Release|Any CPU
		{801108D7-0C8E-4930-8EE2-B67AFF47D368}.Ad-Hoc|iPhone.Build.0 = Release|Any CPU
		{801108D7-0C8E-4930-8EE2-B67AFF47D368}.Ad-Hoc|iPhone.Deploy.0 = Release|Any CPU
		{801108D7-0C8E-4930-8EE2-B67AFF47D368}.Ad-Hoc|iPhoneSimulator.ActiveCfg = Release|Any CPU
		{801108D7-0C8E-4930-8EE2-B67AFF47D368}.Ad-Hoc|iPhoneSimulator.Build.0 = Release|Any CPU
		{801108D7-0C8E-4930-8EE2-B67AFF47D368}.Ad-Hoc|iPhoneSimulator.Deploy.0 = Release|Any CPU
		{801108D7-0C8E-4930-8EE2-B67AFF47D368}.Ad-Hoc|x64.ActiveCfg = Release|Any CPU
		{801108D7-0C8E-4930-8EE2-B67AFF47D368}.Ad-Hoc|x64.Build.0 = Release|Any CPU
		{801108D7-0C8E-4930-8EE2-B67AFF47D368}.Ad-Hoc|x64.Deploy.0 = Release|Any CPU
		{801108D7-0C8E-4930-8EE2-B67AFF47D368}.Ad-Hoc|x86.ActiveCfg = Release|Any CPU
		{801108D7-0C8E-4930-8EE2-B67AFF47D368}.Ad-Hoc|x86.Build.0 = Release|Any CPU
		{801108D7-0C8E-4930-8EE2-B67AFF47D368}.Ad-Hoc|x86.Deploy.0 = Release|Any CPU
		{801108D7-0C8E-4930-8EE2-B67AFF47D368}.AppStore|Any CPU.ActiveCfg = Release|Any CPU
		{801108D7-0C8E-4930-8EE2-B67AFF47D368}.AppStore|Any CPU.Build.0 = Release|Any CPU
		{801108D7-0C8E-4930-8EE2-B67AFF47D368}.AppStore|Any CPU.Deploy.0 = Release|Any CPU
		{801108D7-0C8E-4930-8EE2-B67AFF47D368}.AppStore|ARM.ActiveCfg = Release|Any CPU
		{801108D7-0C8E-4930-8EE2-B67AFF47D368}.AppStore|ARM.Build.0 = Release|Any CPU
		{801108D7-0C8E-4930-8EE2-B67AFF47D368}.AppStore|ARM.Deploy.0 = Release|Any CPU
		{801108D7-0C8E-4930-8EE2-B67AFF47D368}.AppStore|iPhone.ActiveCfg = Release|Any CPU
		{801108D7-0C8E-4930-8EE2-B67AFF47D368}.AppStore|iPhone.Build.0 = Release|Any CPU
		{801108D7-0C8E-4930-8EE2-B67AFF47D368}.AppStore|iPhone.Deploy.0 = Release|Any CPU
		{801108D7-0C8E-4930-8EE2-B67AFF47D368}.AppStore|iPhoneSimulator.ActiveCfg = Release|Any CPU
		{801108D7-0C8E-4930-8EE2-B67AFF47D368}.AppStore|iPhoneSimulator.Build.0 = Release|Any CPU
		{801108D7-0C8E-4930-8EE2-B67AFF47D368}.AppStore|iPhoneSimulator.Deploy.0 = Release|Any CPU
		{801108D7-0C8E-4930-8EE2-B67AFF47D368}.AppStore|x64.ActiveCfg = Release|Any CPU
		{801108D7-0C8E-4930-8EE2-B67AFF47D368}.AppStore|x64.Build.0 = Release|Any CPU
		{801108D7-0C8E-4930-8EE2-B67AFF47D368}.AppStore|x64.Deploy.0 = Release|Any CPU
		{801108D7-0C8E-4930-8EE2-B67AFF47D368}.AppStore|x86.ActiveCfg = Release|Any CPU
		{801108D7-0C8E-4930-8EE2-B67AFF47D368}.AppStore|x86.Build.0 = Release|Any CPU
		{801108D7-0C8E-4930-8EE2-B67AFF47D368}.AppStore|x86.Deploy.0 = Release|Any CPU
		{801108D7-0C8E-4930-8EE2-B67AFF47D368}.Debug|Any CPU.ActiveCfg = Debug|Any CPU
		{801108D7-0C8E-4930-8EE2-B67AFF47D368}.Debug|Any CPU.Build.0 = Debug|Any CPU
		{801108D7-0C8E-4930-8EE2-B67AFF47D368}.Debug|Any CPU.Deploy.0 = Debug|Any CPU
		{801108D7-0C8E-4930-8EE2-B67AFF47D368}.Debug|ARM.ActiveCfg = Debug|Any CPU
		{801108D7-0C8E-4930-8EE2-B67AFF47D368}.Debug|ARM.Build.0 = Debug|Any CPU
		{801108D7-0C8E-4930-8EE2-B67AFF47D368}.Debug|ARM.Deploy.0 = Debug|Any CPU
		{801108D7-0C8E-4930-8EE2-B67AFF47D368}.Debug|iPhone.ActiveCfg = Debug|Any CPU
		{801108D7-0C8E-4930-8EE2-B67AFF47D368}.Debug|iPhone.Build.0 = Debug|Any CPU
		{801108D7-0C8E-4930-8EE2-B67AFF47D368}.Debug|iPhone.Deploy.0 = Debug|Any CPU
		{801108D7-0C8E-4930-8EE2-B67AFF47D368}.Debug|iPhoneSimulator.ActiveCfg = Debug|Any CPU
		{801108D7-0C8E-4930-8EE2-B67AFF47D368}.Debug|iPhoneSimulator.Build.0 = Debug|Any CPU
		{801108D7-0C8E-4930-8EE2-B67AFF47D368}.Debug|iPhoneSimulator.Deploy.0 = Debug|Any CPU
		{801108D7-0C8E-4930-8EE2-B67AFF47D368}.Debug|x64.ActiveCfg = Debug|Any CPU
		{801108D7-0C8E-4930-8EE2-B67AFF47D368}.Debug|x64.Build.0 = Debug|Any CPU
		{801108D7-0C8E-4930-8EE2-B67AFF47D368}.Debug|x64.Deploy.0 = Debug|Any CPU
		{801108D7-0C8E-4930-8EE2-B67AFF47D368}.Debug|x86.ActiveCfg = Debug|Any CPU
		{801108D7-0C8E-4930-8EE2-B67AFF47D368}.Debug|x86.Build.0 = Debug|Any CPU
		{801108D7-0C8E-4930-8EE2-B67AFF47D368}.Debug|x86.Deploy.0 = Debug|Any CPU
		{801108D7-0C8E-4930-8EE2-B67AFF47D368}.Release|Any CPU.ActiveCfg = Release|Any CPU
		{801108D7-0C8E-4930-8EE2-B67AFF47D368}.Release|Any CPU.Build.0 = Release|Any CPU
		{801108D7-0C8E-4930-8EE2-B67AFF47D368}.Release|Any CPU.Deploy.0 = Release|Any CPU
		{801108D7-0C8E-4930-8EE2-B67AFF47D368}.Release|ARM.ActiveCfg = Release|Any CPU
		{801108D7-0C8E-4930-8EE2-B67AFF47D368}.Release|ARM.Build.0 = Release|Any CPU
		{801108D7-0C8E-4930-8EE2-B67AFF47D368}.Release|ARM.Deploy.0 = Release|Any CPU
		{801108D7-0C8E-4930-8EE2-B67AFF47D368}.Release|iPhone.ActiveCfg = Release|Any CPU
		{801108D7-0C8E-4930-8EE2-B67AFF47D368}.Release|iPhone.Build.0 = Release|Any CPU
		{801108D7-0C8E-4930-8EE2-B67AFF47D368}.Release|iPhone.Deploy.0 = Release|Any CPU
		{801108D7-0C8E-4930-8EE2-B67AFF47D368}.Release|iPhoneSimulator.ActiveCfg = Release|Any CPU
		{801108D7-0C8E-4930-8EE2-B67AFF47D368}.Release|iPhoneSimulator.Build.0 = Release|Any CPU
		{801108D7-0C8E-4930-8EE2-B67AFF47D368}.Release|iPhoneSimulator.Deploy.0 = Release|Any CPU
		{801108D7-0C8E-4930-8EE2-B67AFF47D368}.Release|x64.ActiveCfg = Release|Any CPU
		{801108D7-0C8E-4930-8EE2-B67AFF47D368}.Release|x64.Build.0 = Release|Any CPU
		{801108D7-0C8E-4930-8EE2-B67AFF47D368}.Release|x64.Deploy.0 = Release|Any CPU
		{801108D7-0C8E-4930-8EE2-B67AFF47D368}.Release|x86.ActiveCfg = Release|Any CPU
		{801108D7-0C8E-4930-8EE2-B67AFF47D368}.Release|x86.Build.0 = Release|Any CPU
		{801108D7-0C8E-4930-8EE2-B67AFF47D368}.Release|x86.Deploy.0 = Release|Any CPU
		{93DC3D6B-B7D0-4378-9773-0D773C5D72EA}.Ad-Hoc|Any CPU.ActiveCfg = Ad-Hoc|iPhone
		{93DC3D6B-B7D0-4378-9773-0D773C5D72EA}.Ad-Hoc|ARM.ActiveCfg = Ad-Hoc|iPhone
		{93DC3D6B-B7D0-4378-9773-0D773C5D72EA}.Ad-Hoc|iPhone.ActiveCfg = Ad-Hoc|iPhone
		{93DC3D6B-B7D0-4378-9773-0D773C5D72EA}.Ad-Hoc|iPhone.Build.0 = Ad-Hoc|iPhone
		{93DC3D6B-B7D0-4378-9773-0D773C5D72EA}.Ad-Hoc|iPhoneSimulator.ActiveCfg = Ad-Hoc|iPhoneSimulator
		{93DC3D6B-B7D0-4378-9773-0D773C5D72EA}.Ad-Hoc|iPhoneSimulator.Build.0 = Ad-Hoc|iPhoneSimulator
		{93DC3D6B-B7D0-4378-9773-0D773C5D72EA}.Ad-Hoc|x64.ActiveCfg = Ad-Hoc|iPhone
		{93DC3D6B-B7D0-4378-9773-0D773C5D72EA}.Ad-Hoc|x86.ActiveCfg = Ad-Hoc|iPhone
		{93DC3D6B-B7D0-4378-9773-0D773C5D72EA}.AppStore|Any CPU.ActiveCfg = AppStore|iPhone
		{93DC3D6B-B7D0-4378-9773-0D773C5D72EA}.AppStore|ARM.ActiveCfg = AppStore|iPhone
		{93DC3D6B-B7D0-4378-9773-0D773C5D72EA}.AppStore|iPhone.ActiveCfg = AppStore|iPhone
		{93DC3D6B-B7D0-4378-9773-0D773C5D72EA}.AppStore|iPhone.Build.0 = AppStore|iPhone
		{93DC3D6B-B7D0-4378-9773-0D773C5D72EA}.AppStore|iPhoneSimulator.ActiveCfg = AppStore|iPhoneSimulator
		{93DC3D6B-B7D0-4378-9773-0D773C5D72EA}.AppStore|iPhoneSimulator.Build.0 = AppStore|iPhoneSimulator
		{93DC3D6B-B7D0-4378-9773-0D773C5D72EA}.AppStore|x64.ActiveCfg = AppStore|iPhone
		{93DC3D6B-B7D0-4378-9773-0D773C5D72EA}.AppStore|x86.ActiveCfg = AppStore|iPhone
		{93DC3D6B-B7D0-4378-9773-0D773C5D72EA}.Debug|Any CPU.ActiveCfg = Debug|iPhone
		{93DC3D6B-B7D0-4378-9773-0D773C5D72EA}.Debug|ARM.ActiveCfg = Debug|iPhone
		{93DC3D6B-B7D0-4378-9773-0D773C5D72EA}.Debug|iPhone.ActiveCfg = Debug|iPhone
		{93DC3D6B-B7D0-4378-9773-0D773C5D72EA}.Debug|iPhone.Build.0 = Debug|iPhone
		{93DC3D6B-B7D0-4378-9773-0D773C5D72EA}.Debug|iPhoneSimulator.ActiveCfg = Debug|iPhoneSimulator
		{93DC3D6B-B7D0-4378-9773-0D773C5D72EA}.Debug|iPhoneSimulator.Build.0 = Debug|iPhoneSimulator
		{93DC3D6B-B7D0-4378-9773-0D773C5D72EA}.Debug|x64.ActiveCfg = Debug|iPhone
		{93DC3D6B-B7D0-4378-9773-0D773C5D72EA}.Debug|x86.ActiveCfg = Debug|iPhone
		{93DC3D6B-B7D0-4378-9773-0D773C5D72EA}.Release|Any CPU.ActiveCfg = Release|iPhone
		{93DC3D6B-B7D0-4378-9773-0D773C5D72EA}.Release|ARM.ActiveCfg = Release|iPhone
		{93DC3D6B-B7D0-4378-9773-0D773C5D72EA}.Release|iPhone.ActiveCfg = Release|iPhone
		{93DC3D6B-B7D0-4378-9773-0D773C5D72EA}.Release|iPhone.Build.0 = Release|iPhone
		{93DC3D6B-B7D0-4378-9773-0D773C5D72EA}.Release|iPhoneSimulator.ActiveCfg = Release|iPhoneSimulator
		{93DC3D6B-B7D0-4378-9773-0D773C5D72EA}.Release|iPhoneSimulator.Build.0 = Release|iPhoneSimulator
		{93DC3D6B-B7D0-4378-9773-0D773C5D72EA}.Release|x64.ActiveCfg = Release|iPhone
		{93DC3D6B-B7D0-4378-9773-0D773C5D72EA}.Release|x86.ActiveCfg = Release|iPhone
		{DFB0DB47-2780-4FB4-9455-164004C17A4D}.Ad-Hoc|Any CPU.ActiveCfg = Release|x86
		{DFB0DB47-2780-4FB4-9455-164004C17A4D}.Ad-Hoc|Any CPU.Build.0 = Release|x86
		{DFB0DB47-2780-4FB4-9455-164004C17A4D}.Ad-Hoc|Any CPU.Deploy.0 = Release|x86
		{DFB0DB47-2780-4FB4-9455-164004C17A4D}.Ad-Hoc|ARM.ActiveCfg = Release|ARM
		{DFB0DB47-2780-4FB4-9455-164004C17A4D}.Ad-Hoc|ARM.Build.0 = Release|ARM
		{DFB0DB47-2780-4FB4-9455-164004C17A4D}.Ad-Hoc|ARM.Deploy.0 = Release|ARM
		{DFB0DB47-2780-4FB4-9455-164004C17A4D}.Ad-Hoc|iPhone.ActiveCfg = Release|x86
		{DFB0DB47-2780-4FB4-9455-164004C17A4D}.Ad-Hoc|iPhone.Build.0 = Release|x86
		{DFB0DB47-2780-4FB4-9455-164004C17A4D}.Ad-Hoc|iPhone.Deploy.0 = Release|x86
		{DFB0DB47-2780-4FB4-9455-164004C17A4D}.Ad-Hoc|iPhoneSimulator.ActiveCfg = Release|x86
		{DFB0DB47-2780-4FB4-9455-164004C17A4D}.Ad-Hoc|iPhoneSimulator.Build.0 = Release|x86
		{DFB0DB47-2780-4FB4-9455-164004C17A4D}.Ad-Hoc|iPhoneSimulator.Deploy.0 = Release|x86
		{DFB0DB47-2780-4FB4-9455-164004C17A4D}.Ad-Hoc|x64.ActiveCfg = Release|x64
		{DFB0DB47-2780-4FB4-9455-164004C17A4D}.Ad-Hoc|x64.Build.0 = Release|x64
		{DFB0DB47-2780-4FB4-9455-164004C17A4D}.Ad-Hoc|x64.Deploy.0 = Release|x64
		{DFB0DB47-2780-4FB4-9455-164004C17A4D}.Ad-Hoc|x86.ActiveCfg = Release|x86
		{DFB0DB47-2780-4FB4-9455-164004C17A4D}.Ad-Hoc|x86.Build.0 = Release|x86
		{DFB0DB47-2780-4FB4-9455-164004C17A4D}.Ad-Hoc|x86.Deploy.0 = Release|x86
		{DFB0DB47-2780-4FB4-9455-164004C17A4D}.AppStore|Any CPU.ActiveCfg = Release|x86
		{DFB0DB47-2780-4FB4-9455-164004C17A4D}.AppStore|Any CPU.Build.0 = Release|x86
		{DFB0DB47-2780-4FB4-9455-164004C17A4D}.AppStore|Any CPU.Deploy.0 = Release|x86
		{DFB0DB47-2780-4FB4-9455-164004C17A4D}.AppStore|ARM.ActiveCfg = Release|ARM
		{DFB0DB47-2780-4FB4-9455-164004C17A4D}.AppStore|ARM.Build.0 = Release|ARM
		{DFB0DB47-2780-4FB4-9455-164004C17A4D}.AppStore|ARM.Deploy.0 = Release|ARM
		{DFB0DB47-2780-4FB4-9455-164004C17A4D}.AppStore|iPhone.ActiveCfg = Release|x86
		{DFB0DB47-2780-4FB4-9455-164004C17A4D}.AppStore|iPhone.Build.0 = Release|x86
		{DFB0DB47-2780-4FB4-9455-164004C17A4D}.AppStore|iPhone.Deploy.0 = Release|x86
		{DFB0DB47-2780-4FB4-9455-164004C17A4D}.AppStore|iPhoneSimulator.ActiveCfg = Release|x86
		{DFB0DB47-2780-4FB4-9455-164004C17A4D}.AppStore|iPhoneSimulator.Build.0 = Release|x86
		{DFB0DB47-2780-4FB4-9455-164004C17A4D}.AppStore|iPhoneSimulator.Deploy.0 = Release|x86
		{DFB0DB47-2780-4FB4-9455-164004C17A4D}.AppStore|x64.ActiveCfg = Release|x64
		{DFB0DB47-2780-4FB4-9455-164004C17A4D}.AppStore|x64.Build.0 = Release|x64
		{DFB0DB47-2780-4FB4-9455-164004C17A4D}.AppStore|x64.Deploy.0 = Release|x64
		{DFB0DB47-2780-4FB4-9455-164004C17A4D}.AppStore|x86.ActiveCfg = Release|x86
		{DFB0DB47-2780-4FB4-9455-164004C17A4D}.AppStore|x86.Build.0 = Release|x86
		{DFB0DB47-2780-4FB4-9455-164004C17A4D}.AppStore|x86.Deploy.0 = Release|x86
		{DFB0DB47-2780-4FB4-9455-164004C17A4D}.Debug|Any CPU.ActiveCfg = Debug|x86
		{DFB0DB47-2780-4FB4-9455-164004C17A4D}.Debug|ARM.ActiveCfg = Debug|ARM
		{DFB0DB47-2780-4FB4-9455-164004C17A4D}.Debug|ARM.Build.0 = Debug|ARM
		{DFB0DB47-2780-4FB4-9455-164004C17A4D}.Debug|ARM.Deploy.0 = Debug|ARM
		{DFB0DB47-2780-4FB4-9455-164004C17A4D}.Debug|iPhone.ActiveCfg = Debug|x86
		{DFB0DB47-2780-4FB4-9455-164004C17A4D}.Debug|iPhoneSimulator.ActiveCfg = Debug|x86
		{DFB0DB47-2780-4FB4-9455-164004C17A4D}.Debug|x64.ActiveCfg = Debug|x64
		{DFB0DB47-2780-4FB4-9455-164004C17A4D}.Debug|x64.Build.0 = Debug|x64
		{DFB0DB47-2780-4FB4-9455-164004C17A4D}.Debug|x64.Deploy.0 = Debug|x64
		{DFB0DB47-2780-4FB4-9455-164004C17A4D}.Debug|x86.ActiveCfg = Debug|x86
		{DFB0DB47-2780-4FB4-9455-164004C17A4D}.Debug|x86.Build.0 = Debug|x86
		{DFB0DB47-2780-4FB4-9455-164004C17A4D}.Debug|x86.Deploy.0 = Debug|x86
		{DFB0DB47-2780-4FB4-9455-164004C17A4D}.Release|Any CPU.ActiveCfg = Release|x86
		{DFB0DB47-2780-4FB4-9455-164004C17A4D}.Release|ARM.ActiveCfg = Release|ARM
		{DFB0DB47-2780-4FB4-9455-164004C17A4D}.Release|ARM.Build.0 = Release|ARM
		{DFB0DB47-2780-4FB4-9455-164004C17A4D}.Release|ARM.Deploy.0 = Release|ARM
		{DFB0DB47-2780-4FB4-9455-164004C17A4D}.Release|iPhone.ActiveCfg = Release|x86
		{DFB0DB47-2780-4FB4-9455-164004C17A4D}.Release|iPhoneSimulator.ActiveCfg = Release|x86
		{DFB0DB47-2780-4FB4-9455-164004C17A4D}.Release|x64.ActiveCfg = Release|x64
		{DFB0DB47-2780-4FB4-9455-164004C17A4D}.Release|x64.Build.0 = Release|x64
		{DFB0DB47-2780-4FB4-9455-164004C17A4D}.Release|x64.Deploy.0 = Release|x64
		{DFB0DB47-2780-4FB4-9455-164004C17A4D}.Release|x86.ActiveCfg = Release|x86
		{DFB0DB47-2780-4FB4-9455-164004C17A4D}.Release|x86.Build.0 = Release|x86
		{DFB0DB47-2780-4FB4-9455-164004C17A4D}.Release|x86.Deploy.0 = Release|x86
	EndGlobalSection
	GlobalSection(SolutionProperties) = preSolution
		HideSolutionNode = FALSE
	EndGlobalSection
EndGlobal
